
Microsoft Visual Studio Solution File, Format Version 12.00
# Visual Studio Version 16
VisualStudioVersion = 16.0.31515.178
MinimumVisualStudioVersion = 10.0.40219.1
Project("{FAE04EC0-301F-11D3-BF4B-00C04F79EFBC}") = "BackVerdadero1", "BackVerdadero1.csproj", "{3EDC2E77-F5AC-4F2E-BA11-80D7FED4FB64}"
EndProject
Global
	GlobalSection(SolutionConfigurationPlatforms) = preSolution
		Debug|Any CPU = Debug|Any CPU
		Release|Any CPU = Release|Any CPU
	EndGlobalSection
	GlobalSection(ProjectConfigurationPlatforms) = postSolution
		{3EDC2E77-F5AC-4F2E-BA11-80D7FED4FB64}.Debug|Any CPU.ActiveCfg = Debug|Any CPU
		{3EDC2E77-F5AC-4F2E-BA11-80D7FED4FB64}.Debug|Any CPU.Build.0 = Debug|Any CPU
		{3EDC2E77-F5AC-4F2E-BA11-80D7FED4FB64}.Release|Any CPU.ActiveCfg = Release|Any CPU
		{3EDC2E77-F5AC-4F2E-BA11-80D7FED4FB64}.Release|Any CPU.Build.0 = Release|Any CPU
	EndGlobalSection
	GlobalSection(SolutionProperties) = preSolution
		HideSolutionNode = FALSE
	EndGlobalSection
	GlobalSection(ExtensibilityGlobals) = postSolution
		SolutionGuid = {CA1E7347-ADDB-4227-B1F3-E0F02EF1092B}
	EndGlobalSection
EndGlobal
