
Microsoft Visual Studio Solution File, Format Version 12.00
# Visual Studio Version 16
VisualStudioVersion = 16.0.31515.178
MinimumVisualStudioVersion = 10.0.40219.1
Project("{FAE04EC0-301F-11D3-BF4B-00C04F79EFBC}") = "BackOK", "BackOK.csproj", "{146E4988-423B-4CA9-BE67-D919ADCE6CC3}"
EndProject
Global
	GlobalSection(SolutionConfigurationPlatforms) = preSolution
		Debug|Any CPU = Debug|Any CPU
		Release|Any CPU = Release|Any CPU
	EndGlobalSection
	GlobalSection(ProjectConfigurationPlatforms) = postSolution
		{146E4988-423B-4CA9-BE67-D919ADCE6CC3}.Debug|Any CPU.ActiveCfg = Debug|Any CPU
		{146E4988-423B-4CA9-BE67-D919ADCE6CC3}.Debug|Any CPU.Build.0 = Debug|Any CPU
		{146E4988-423B-4CA9-BE67-D919ADCE6CC3}.Release|Any CPU.ActiveCfg = Release|Any CPU
		{146E4988-423B-4CA9-BE67-D919ADCE6CC3}.Release|Any CPU.Build.0 = Release|Any CPU
	EndGlobalSection
	GlobalSection(SolutionProperties) = preSolution
		HideSolutionNode = FALSE
	EndGlobalSection
	GlobalSection(ExtensibilityGlobals) = postSolution
		SolutionGuid = {79FEBC9D-FC87-4DFC-B6E6-D4A3BAF05F03}
	EndGlobalSection
EndGlobal
